
Microsoft Visual Studio Solution File, Format Version 12.00
# Visual Studio Version 16
VisualStudioVersion = 16.0.29613.14
MinimumVisualStudioVersion = 10.0.40219.1
Project("{FAE04EC0-301F-11D3-BF4B-00C04F79EFBC}") = "PalindromeLibrary", "PalinLibrary\PalindromeLibrary.csproj", "{0360BA96-9A7A-4843-BB76-6C1F944AD38B}"
EndProject
Project("{FAE04EC0-301F-11D3-BF4B-00C04F79EFBC}") = "PalendromeTest", "PalendromeTest\PalendromeTest.csproj", "{2A033DDD-C0EF-4126-AFC8-48D3B71F0BF4}"
EndProject
Global
	GlobalSection(SolutionConfigurationPlatforms) = preSolution
		Debug|Any CPU = Debug|Any CPU
		Release|Any CPU = Release|Any CPU
	EndGlobalSection
	GlobalSection(ProjectConfigurationPlatforms) = postSolution
		{0360BA96-9A7A-4843-BB76-6C1F944AD38B}.Debug|Any CPU.ActiveCfg = Debug|Any CPU
		{0360BA96-9A7A-4843-BB76-6C1F944AD38B}.Debug|Any CPU.Build.0 = Debug|Any CPU
		{0360BA96-9A7A-4843-BB76-6C1F944AD38B}.Release|Any CPU.ActiveCfg = Release|Any CPU
		{0360BA96-9A7A-4843-BB76-6C1F944AD38B}.Release|Any CPU.Build.0 = Release|Any CPU
		{2A033DDD-C0EF-4126-AFC8-48D3B71F0BF4}.Debug|Any CPU.ActiveCfg = Debug|Any CPU
		{2A033DDD-C0EF-4126-AFC8-48D3B71F0BF4}.Debug|Any CPU.Build.0 = Debug|Any CPU
		{2A033DDD-C0EF-4126-AFC8-48D3B71F0BF4}.Release|Any CPU.ActiveCfg = Release|Any CPU
		{2A033DDD-C0EF-4126-AFC8-48D3B71F0BF4}.Release|Any CPU.Build.0 = Release|Any CPU
	EndGlobalSection
	GlobalSection(SolutionProperties) = preSolution
		HideSolutionNode = FALSE
	EndGlobalSection
	GlobalSection(ExtensibilityGlobals) = postSolution
		SolutionGuid = {A0F78721-606C-4792-8CC9-0E24DE61F9DE}
	EndGlobalSection
EndGlobal
